
Microsoft Visual Studio Solution File, Format Version 12.00
# Visual Studio 15
VisualStudioVersion = 15.0.28010.2026
MinimumVisualStudioVersion = 10.0.40219.1
Project("{FAE04EC0-301F-11D3-BF4B-00C04F79EFBC}") = "Monitor", "Monitor\Monitor.csproj", "{D0C636E1-2221-4D46-84CE-C08E16198ABD}"
EndProject
Project("{FAE04EC0-301F-11D3-BF4B-00C04F79EFBC}") = "Host", "Host\Host.csproj", "{4BCF9238-6C08-4A17-9FC4-B67DAC0858A3}"
EndProject
Project("{FAE04EC0-301F-11D3-BF4B-00C04F79EFBC}") = "Client", "Client\Client.csproj", "{9D1188BA-0E22-48B2-BA47-B1B13E17CC26}"
EndProject
Global
	GlobalSection(SolutionConfigurationPlatforms) = preSolution
		Debug|Any CPU = Debug|Any CPU
		Release|Any CPU = Release|Any CPU
	EndGlobalSection
	GlobalSection(ProjectConfigurationPlatforms) = postSolution
		{D0C636E1-2221-4D46-84CE-C08E16198ABD}.Debug|Any CPU.ActiveCfg = Debug|Any CPU
		{D0C636E1-2221-4D46-84CE-C08E16198ABD}.Debug|Any CPU.Build.0 = Debug|Any CPU
		{D0C636E1-2221-4D46-84CE-C08E16198ABD}.Release|Any CPU.ActiveCfg = Release|Any CPU
		{D0C636E1-2221-4D46-84CE-C08E16198ABD}.Release|Any CPU.Build.0 = Release|Any CPU
		{4BCF9238-6C08-4A17-9FC4-B67DAC0858A3}.Debug|Any CPU.ActiveCfg = Debug|Any CPU
		{4BCF9238-6C08-4A17-9FC4-B67DAC0858A3}.Debug|Any CPU.Build.0 = Debug|Any CPU
		{4BCF9238-6C08-4A17-9FC4-B67DAC0858A3}.Release|Any CPU.ActiveCfg = Release|Any CPU
		{4BCF9238-6C08-4A17-9FC4-B67DAC0858A3}.Release|Any CPU.Build.0 = Release|Any CPU
		{9D1188BA-0E22-48B2-BA47-B1B13E17CC26}.Debug|Any CPU.ActiveCfg = Debug|Any CPU
		{9D1188BA-0E22-48B2-BA47-B1B13E17CC26}.Debug|Any CPU.Build.0 = Debug|Any CPU
		{9D1188BA-0E22-48B2-BA47-B1B13E17CC26}.Release|Any CPU.ActiveCfg = Release|Any CPU
		{9D1188BA-0E22-48B2-BA47-B1B13E17CC26}.Release|Any CPU.Build.0 = Release|Any CPU
	EndGlobalSection
	GlobalSection(SolutionProperties) = preSolution
		HideSolutionNode = FALSE
	EndGlobalSection
	GlobalSection(ExtensibilityGlobals) = postSolution
		SolutionGuid = {E98F7F39-B1A9-4E7B-8EFD-36A53B247B09}
	EndGlobalSection
EndGlobal
